// !$*UTF8*$!
{
	archiveVersion = 1;
	classes = {
	};
	objectVersion = 46;
	objects = {

/* Begin PBXBuildFile section */
		D22364C31B0FBDAE0089E304 /* main.cpp in Sources */ = {isa = PBXBuildFile; fileRef = D22364C21B0FBDAE0089E304 /* main.cpp */; };
/* End PBXBuildFile section */

/* Begin PBXCopyFilesBuildPhase section */
		D22364BD1B0FBDAE0089E304 /* CopyFiles */ = {
			isa = PBXCopyFilesBuildPhase;
			buildActionMask = 2147483647;
			dstPath = /usr/share/man/man1/;
			dstSubfolderSpec = 0;
			files = (
			);
			runOnlyForDeploymentPostprocessing = 1;
		};
/* End PBXCopyFilesBuildPhase section */

/* Begin PBXFileReference section */
		D22364BF1B0FBDAE0089E304 /* FilterFun */ = {isa = PBXFileReference; explicitFileType = "compiled.mach-o.executable"; includeInIndex = 0; path = FilterFun; sourceTree = BUILT_PRODUCTS_DIR; };
		D22364C21B0FBDAE0089E304 /* main.cpp */ = {isa = PBXFileReference; lastKnownFileType = sourcecode.cpp.cpp; path = main.cpp; sourceTree = "<group>"; };
/* End PBXFileReference section */

/* Begin PBXFrameworksBuildPhase section */
		D22364BC1B0FBDAE0089E304 /* Frameworks */ = {
			isa = PBXFrameworksBuildPhase;
			buildActionMask = 2147483647;
			files = (
			);
			runOnlyForDeploymentPostprocessing = 0;
		};
/* End PBXFrameworksBuildPhase section */

/* Begin PBXGroup section */
		D22364B61B0FBDAD0089E304 = {
			isa = PBXGroup;
			children = (
				D22364C11B0FBDAE0089E304 /* FilterFun */,
				D22364C01B0FBDAE0089E304 /* Products */,
			);
			sourceTree = "<group>";
		};
		D22364C01B0FBDAE0089E304 /* Products */ = {
			isa = PBXGroup;
			children = (
				D22364BF1B0FBDAE0089E304 /* FilterFun */,
			);
			name = Products;
			sourceTree = "<group>";
		};
		D22364C11B0FBDAE0089E304 /* FilterFun */ = {
			isa = PBXGroup;
			children = (
				D22364C21B0FBDAE0089E304 /* main.cpp */,
			);
			path = FilterFun;
			sourceTree = "<group>";
		};
/* End PBXGroup section */

/* Begin PBXNativeTarget section */
		D22364BE1B0FBDAE0089E304 /* FilterFun */ = {
			isa = PBXNativeTarget;
			buildConfigurationList = D22364C61B0FBDAE0089E304 /* Build configuration list for PBXNativeTarget "FilterFun" */;
			buildPhases = (
				D22364BB1B0FBDAE0089E304 /* Sources */,
				D22364BC1B0FBDAE0089E304 /* Frameworks */,
				D22364BD1B0FBDAE0089E304 /* CopyFiles */,
			);
			buildRules = (
			);
			dependencies = (
			);
			name = FilterFun;
			productName = FilterFun;
			productReference = D22364BF1B0FBDAE0089E304 /* FilterFun */;
			productType = "com.apple.product-type.tool";
		};
/* End PBXNativeTarget section */

/* Begin PBXProject section */
		D22364B71B0FBDAE0089E304 /* Project object */ = {
			isa = PBXProject;
			attributes = {
				LastUpgradeCheck = 0620;
				ORGANIZATIONNAME = "Scott Dupoy";
				TargetAttributes = {
					D22364BE1B0FBDAE0089E304 = {
						CreatedOnToolsVersion = 6.2;
					};
				};
			};
			buildConfigurationList = D22364BA1B0FBDAE0089E304 /* Build configuration list for PBXProject "FilterFun" */;
			compatibilityVersion = "Xcode 3.2";
			developmentRegion = English;
			hasScannedForEncodings = 0;
			knownRegions = (
				en,
			);
			mainGroup = D22364B61B0FBDAD0089E304;
			productRefGroup = D22364C01B0FBDAE0089E304 /* Products */;
			projectDirPath = "";
			projectRoot = "";
			targets = (
				D22364BE1B0FBDAE0089E304 /* FilterFun */,
			);
		};
/* End PBXProject section */

/* Begin PBXSourcesBuildPhase section */
		D22364BB1B0FBDAE0089E304 /* Sources */ = {
			isa = PBXSourcesBuildPhase;
			buildActionMask = 2147483647;
			files = (
				D22364C31B0FBDAE0089E304 /* main.cpp in Sources */,
			);
			runOnlyForDeploymentPostprocessing = 0;
		};
/* End PBXSourcesBuildPhase section */

/* Begin XCBuildConfiguration section */
		D22364C41B0FBDAE0089E304 /* Debug */ = {
			isa = XCBuildConfiguration;
			buildSettings = {
				ALWAYS_SEARCH_USER_PATHS = NO;
				CLANG_CXX_LANGUAGE_STANDARD = "gnu++0x";
				CLANG_CXX_LIBRARY = "libc++";
				CLANG_ENABLE_MODULES = YES;
				CLANG_ENABLE_OBJC_ARC = YES;
				CLANG_WARN_BOOL_CONVERSION = YES;
				CLANG_WARN_CONSTANT_CONVERSION = YES;
				CLANG_WARN_DIRECT_OBJC_ISA_USAGE = YES_ERROR;
				CLANG_WARN_EMPTY_BODY = YES;
				CLANG_WARN_ENUM_CONVERSION = YES;
				CLANG_WARN_INT_CONVERSION = YES;
				CLANG_WARN_OBJC_ROOT_CLASS = YES_ERROR;
				CLANG_WARN_UNREACHABLE_CODE = YES;
				CLANG_WARN__DUPLICATE_METHOD_MATCH = YES;
				COPY_PHASE_STRIP = NO;
				ENABLE_STRICT_OBJC_MSGSEND = YES;
				GCC_C_LANGUAGE_STANDARD = gnu99;
				GCC_DYNAMIC_NO_PIC = NO;
				GCC_OPTIMIZATION_LEVEL = 0;
				GCC_PREPROCESSOR_DEFINITIONS = (
					"DEBUG=1",
					"$(inherited)",
				);
				GCC_SYMBOLS_PRIVATE_EXTERN = NO;
				GCC_WARN_64_TO_32_BIT_CONVERSION = YES;
				GCC_WARN_ABOUT_RETURN_TYPE = YES_ERROR;
				GCC_WARN_UNDECLARED_SELECTOR = YES;
				GCC_WARN_UNINITIALIZED_AUTOS = YES_AGGRESSIVE;
				GCC_WARN_UNUSED_FUNCTION = YES;
				GCC_WARN_UNUSED_VARIABLE = YES;
				MACOSX_DEPLOYMENT_TARGET = 10.9;
				MTL_ENABLE_DEBUG_INFO = YES;
				ONLY_ACTIVE_ARCH = YES;
				SDKROOT = macosx;
			};
			name = Debug;
		};
		D22364C51B0FBDAE0089E304 /* Release */ = {
			isa = XCBuildConfiguration;
			buildSettings = {
				ALWAYS_SEARCH_USER_PATHS = NO;
				CLANG_CXX_LANGUAGE_STANDARD = "gnu++0x";
				CLANG_CXX_LIBRARY = "libc++";
				CLANG_ENABLE_MODULES = YES;
				CLANG_ENABLE_OBJC_ARC = YES;
				CLANG_WARN_BOOL_CONVERSION = YES;
				CLANG_WARN_CONSTANT_CONVERSION = YES;
				CLANG_WARN_DIRECT_OBJC_ISA_USAGE = YES_ERROR;
				CLANG_WARN_EMPTY_BODY = YES;
				CLANG_WARN_ENUM_CONVERSION = YES;
				CLANG_WARN_INT_CONVERSION = YES;
				CLANG_WARN_OBJC_ROOT_CLASS = YES_ERROR;
				CLANG_WARN_UNREACHABLE_CODE = YES;
				CLANG_WARN__DUPLICATE_METHOD_MATCH = YES;
				COPY_PHASE_STRIP = NO;
				DEBUG_INFORMATION_FORMAT = "dwarf-with-dsym";
				ENABLE_NS_ASSERTIONS = NO;
				ENABLE_STRICT_OBJC_MSGSEND = YES;
				GCC_C_LANGUAGE_STANDARD = gnu99;
				GCC_WARN_64_TO_32_BIT_CONVERSION = YES;
				GCC_WARN_ABOUT_RETURN_TYPE = YES_ERROR;
				GCC_WARN_UNDECLARED_SELECTOR = YES;
				GCC_WARN_UNINITIALIZED_AUTOS = YES_AGGRESSIVE;
				GCC_WARN_UNUSED_FUNCTION = YES;
				GCC_WARN_UNUSED_VARIABLE = YES;
				MACOSX_DEPLOYMENT_TARGET = 10.9;
				MTL_ENABLE_DEBUG_INFO = NO;
				SDKROOT = macosx;
			};
			name = Release;
		};
		D22364C71B0FBDAE0089E304 /* Debug */ = {
			isa = XCBuildConfiguration;
			buildSettings = {
				PRODUCT_NAME = "$(TARGET_NAME)";
			};
			name = Debug;
		};
		D22364C81B0FBDAE0089E304 /* Release */ = {
			isa = XCBuildConfiguration;
			buildSettings = {
				PRODUCT_NAME = "$(TARGET_NAME)";
			};
			name = Release;
		};
/* End XCBuildConfiguration section */

/* Begin XCConfigurationList section */
		D22364BA1B0FBDAE0089E304 /* Build configuration list for PBXProject "FilterFun" */ = {
			isa = XCConfigurationList;
			buildConfigurations = (
				D22364C41B0FBDAE0089E304 /* Debug */,
				D22364C51B0FBDAE0089E304 /* Release */,
			);
			defaultConfigurationIsVisible = 0;
			defaultConfigurationName = Release;
		};
		D22364C61B0FBDAE0089E304 /* Build configuration list for PBXNativeTarget "FilterFun" */ = {
			isa = XCConfigurationList;
			buildConfigurations = (
				D22364C71B0FBDAE0089E304 /* Debug */,
				D22364C81B0FBDAE0089E304 /* Release */,
			);
			defaultConfigurationIsVisible = 0;
		};
/* End XCConfigurationList section */
	};
	rootObject = D22364B71B0FBDAE0089E304 /* Project object */;
}
